
Microsoft Visual Studio Solution File, Format Version 12.00
# Visual Studio Version 17
VisualStudioVersion = 17.14.36623.8 d17.14
MinimumVisualStudioVersion = 10.0.40219.1
Project("{FAE04EC0-301F-11D3-BF4B-00C04F79EFBC}") = "APICatalogo", "APICatalogo\APICatalogo.csproj", "{B9C218E8-DFB0-4E75-9DA6-2F31E823B7FB}"
EndProject
Global
	GlobalSection(SolutionConfigurationPlatforms) = preSolution
		Debug|Any CPU = Debug|Any CPU
		Release|Any CPU = Release|Any CPU
	EndGlobalSection
	GlobalSection(ProjectConfigurationPlatforms) = postSolution
		{B9C218E8-DFB0-4E75-9DA6-2F31E823B7FB}.Debug|Any CPU.ActiveCfg = Debug|Any CPU
		{B9C218E8-DFB0-4E75-9DA6-2F31E823B7FB}.Debug|Any CPU.Build.0 = Debug|Any CPU
		{B9C218E8-DFB0-4E75-9DA6-2F31E823B7FB}.Release|Any CPU.ActiveCfg = Release|Any CPU
		{B9C218E8-DFB0-4E75-9DA6-2F31E823B7FB}.Release|Any CPU.Build.0 = Release|Any CPU
	EndGlobalSection
	GlobalSection(SolutionProperties) = preSolution
		HideSolutionNode = FALSE
	EndGlobalSection
	GlobalSection(ExtensibilityGlobals) = postSolution
		SolutionGuid = {5A9D5584-03A3-415D-A5AF-D0AEBAF60149}
	EndGlobalSection
EndGlobal
